{
  "name": "sample-fargate",
  "version": "1.0.0",
  "lockfileVersion": 1,
  "requires": true,
  "dependencies": {
    "serverless-fargate": {
      "version": "0.0.11",
      "resolved": "https://registry.npmjs.org/serverless-fargate/-/serverless-fargate-0.0.11.tgz",
      "integrity": "sha512-FnDdS/TW8thaB/dGAB4AiaB0SGOjFQ1UK7Yg7eMgZa1FbEo3as037UabBRq4+y2NaohUp47wldUkLUYd4SsDhA=="
    },
    "serverless-fargate-plugin": {
      "version": "2.0.0",
      "resolved": "https://registry.npmjs.org/serverless-fargate-plugin/-/serverless-fargate-plugin-2.0.0.tgz",
      "integrity": "sha512-QMF2v+9nAskwujWYAkq4oNAnhv3wpKtK/2NRJgTshjlDTUjgWqqkAux0e/K5sWo+InQWm86Ef8kI9g1D8shdMw==",
      "requires": {
        "uuid": "^3.4.0"
      }
    },
    "serverless-fargate-tasks": {
      "version": "0.6.2",
      "resolved": "https://registry.npmjs.org/serverless-fargate-tasks/-/serverless-fargate-tasks-0.6.2.tgz",
      "integrity": "sha512-q0h3L4Vf5GxkLF0ZsyjC5EzjAwH4OALROjoK7bLu+025NvPFb3Qqv0nYiUIu2ddReGuR+TiBpsHgRJoWWg2Ixw=="
    },
    "uuid": {
      "version": "3.4.0",
      "resolved": "https://registry.npmjs.org/uuid/-/uuid-3.4.0.tgz",
      "integrity": "sha512-HjSDRw6gZE5JMggctHBcjVak08+KEVhSIiDzFnT9S9aegmp85S/bReBVTb4QTFaRNptJ9kuYaNhnbNEOkbKb/A=="
    }
  }
}
